
Microsoft Visual Studio Solution File, Format Version 12.00
# Visual Studio Version 17
VisualStudioVersion = 17.0.31903.59
MinimumVisualStudioVersion = 10.0.40219.1
Project("{FAE04EC0-301F-11D3-BF4B-00C04F79EFBC}") = "3 Cases", "3 Cases\3 Cases.csproj", "{BC20989C-6E59-43AE-AAB0-35AEB4BD33CC}"
EndProject
Global
	GlobalSection(SolutionConfigurationPlatforms) = preSolution
		Debug|Any CPU = Debug|Any CPU
		Release|Any CPU = Release|Any CPU
	EndGlobalSection
	GlobalSection(ProjectConfigurationPlatforms) = postSolution
		{BC20989C-6E59-43AE-AAB0-35AEB4BD33CC}.Debug|Any CPU.ActiveCfg = Debug|Any CPU
		{BC20989C-6E59-43AE-AAB0-35AEB4BD33CC}.Debug|Any CPU.Build.0 = Debug|Any CPU
		{BC20989C-6E59-43AE-AAB0-35AEB4BD33CC}.Release|Any CPU.ActiveCfg = Release|Any CPU
		{BC20989C-6E59-43AE-AAB0-35AEB4BD33CC}.Release|Any CPU.Build.0 = Release|Any CPU
	EndGlobalSection
	GlobalSection(SolutionProperties) = preSolution
		HideSolutionNode = FALSE
	EndGlobalSection
	GlobalSection(ExtensibilityGlobals) = postSolution
		SolutionGuid = {3E369021-5DF5-4031-8C1C-F570A5DED1D3}
	EndGlobalSection
EndGlobal
